// !$*UTF8*$!
{
	archiveVersion = 1;
	classes = {
	};
	objectVersion = 46;
	objects = {

/* Begin PBXBuildFile section */
		910722F61B35FE200066DC87 /* QSet.swift in Sources */ = {isa = PBXBuildFile; fileRef = 910722F51B35FE200066DC87 /* QSet.swift */; };
		910722FA1B360DC20066DC87 /* Boyer-Moore.swift in Sources */ = {isa = PBXBuildFile; fileRef = 910722F91B360DC20066DC87 /* Boyer-Moore.swift */; };
		910AAEB11BAB612000655131 /* TableContainerController.swift in Sources */ = {isa = PBXBuildFile; fileRef = 910AAEB01BAB612000655131 /* TableContainerController.swift */; };
		910AAEB31BAB67E100655131 /* QueriesViewController.swift in Sources */ = {isa = PBXBuildFile; fileRef = 910AAEB21BAB67E100655131 /* QueriesViewController.swift */; };
		910BC27B1BC8DD28007F1A9E /* LabelTableViewCell.swift in Sources */ = {isa = PBXBuildFile; fileRef = 910BC27A1BC8DD28007F1A9E /* LabelTableViewCell.swift */; };
		910BC27D1BCA19B9007F1A9E /* AddQueryModel.swift in Sources */ = {isa = PBXBuildFile; fileRef = 910BC27C1BCA19B9007F1A9E /* AddQueryModel.swift */; };
		911A0D021B3CEDC100B219D7 /* QuizletSearch.xcdatamodeld in Sources */ = {isa = PBXBuildFile; fileRef = 911A0D001B3CEDC100B219D7 /* QuizletSearch.xcdatamodeld */; };
		911A0D351B3CF69E00B219D7 /* QuizletSearchModel.strings in Resources */ = {isa = PBXBuildFile; fileRef = 911A0D341B3CF69E00B219D7 /* QuizletSearchModel.strings */; };
		911A0D4B1B3F2AE900B219D7 /* DataModel.swift in Sources */ = {isa = PBXBuildFile; fileRef = 911A0D4A1B3F2AE900B219D7 /* DataModel.swift */; };
		911A0D4D1B41264200B219D7 /* LoginViewController.swift in Sources */ = {isa = PBXBuildFile; fileRef = 911A0D4C1B41264200B219D7 /* LoginViewController.swift */; };
		911A0D511B41772C00B219D7 /* SearchViewController.swift in Sources */ = {isa = PBXBuildFile; fileRef = 911A0D501B41772C00B219D7 /* SearchViewController.swift */; };
		911A0D551B41EEF500B219D7 /* UsersTableViewController.swift in Sources */ = {isa = PBXBuildFile; fileRef = 911A0D541B41EEF500B219D7 /* UsersTableViewController.swift */; };
		911C41051B9F7A7C007E0AEE /* SearchTableViewCell.swift in Sources */ = {isa = PBXBuildFile; fileRef = 911C41041B9F7A7C007E0AEE /* SearchTableViewCell.swift */; };
		911C41071B9FB64F007E0AEE /* DynamicLabel.swift in Sources */ = {isa = PBXBuildFile; fileRef = 911C41061B9FB64F007E0AEE /* DynamicLabel.swift */; };
		911C41091BA10A21007E0AEE /* SearchOperation.swift in Sources */ = {isa = PBXBuildFile; fileRef = 911C41081BA10A21007E0AEE /* SearchOperation.swift */; };
		911C410B1BA121C6007E0AEE /* SearchTableViewHeaderCell.swift in Sources */ = {isa = PBXBuildFile; fileRef = 911C410A1BA121C6007E0AEE /* SearchTableViewHeaderCell.swift */; };
		9126FDBC1B1D0E1000642E56 /* AppDelegate.swift in Sources */ = {isa = PBXBuildFile; fileRef = 9126FDBB1B1D0E1000642E56 /* AppDelegate.swift */; };
		9126FDC11B1D0E1000642E56 /* Main.storyboard in Resources */ = {isa = PBXBuildFile; fileRef = 9126FDBF1B1D0E1000642E56 /* Main.storyboard */; };
		9126FDC31B1D0E1000642E56 /* Images.xcassets in Resources */ = {isa = PBXBuildFile; fileRef = 9126FDC21B1D0E1000642E56 /* Images.xcassets */; };
		9126FDC61B1D0E1000642E56 /* LaunchScreen.xib in Resources */ = {isa = PBXBuildFile; fileRef = 9126FDC41B1D0E1000642E56 /* LaunchScreen.xib */; };
		9126FDD21B1D0E1100642E56 /* QuizletSearchTests.swift in Sources */ = {isa = PBXBuildFile; fileRef = 9126FDD11B1D0E1100642E56 /* QuizletSearchTests.swift */; };
		912DFCF71BBAD106002D67FA /* SetPager.swift in Sources */ = {isa = PBXBuildFile; fileRef = 912DFCF61BBAD106002D67FA /* SetPager.swift */; };
		912DFCF91BBAD3BD002D67FA /* QueryResult.swift in Sources */ = {isa = PBXBuildFile; fileRef = 912DFCF81BBAD3BD002D67FA /* QueryResult.swift */; };
		912DFCFB1BBAD5F4002D67FA /* UnexpectedResponse.swift in Sources */ = {isa = PBXBuildFile; fileRef = 912DFCFA1BBAD5F4002D67FA /* UnexpectedResponse.swift */; };
		914D0AE01B6AA4ED0025C585 /* Query.swift in Sources */ = {isa = PBXBuildFile; fileRef = 914D0ADB1B6AA4ED0025C585 /* Query.swift */; };
		914D0AE11B6AA4ED0025C585 /* QuizletSet.swift in Sources */ = {isa = PBXBuildFile; fileRef = 914D0ADC1B6AA4ED0025C585 /* QuizletSet.swift */; };
		914D0AE21B6AA4ED0025C585 /* Root.swift in Sources */ = {isa = PBXBuildFile; fileRef = 914D0ADD1B6AA4ED0025C585 /* Root.swift */; };
		914D0AE31B6AA4ED0025C585 /* Term.swift in Sources */ = {isa = PBXBuildFile; fileRef = 914D0ADE1B6AA4ED0025C585 /* Term.swift */; };
		914D0AE41B6AA4ED0025C585 /* User.swift in Sources */ = {isa = PBXBuildFile; fileRef = 914D0ADF1B6AA4ED0025C585 /* User.swift */; };
		916BBEE21BD176F2008A0FB8 /* QueryPagers.swift in Sources */ = {isa = PBXBuildFile; fileRef = 916BBEE11BD176F2008A0FB8 /* QueryPagers.swift */; };
		9170E7C21BCC949500C70847 /* InsetTextField.swift in Sources */ = {isa = PBXBuildFile; fileRef = 9170E7C11BCC949500C70847 /* InsetTextField.swift */; };
		9187F47B1B68AD1500FA528F /* Common.swift in Sources */ = {isa = PBXBuildFile; fileRef = 9187F47A1B68AD1500FA528F /* Common.swift */; };
		9187F4801B69FECC00FA528F /* SampleQuizletData.json in Resources */ = {isa = PBXBuildFile; fileRef = 9187F47F1B69FECC00FA528F /* SampleQuizletData.json */; };
		918C96AE1C1D2FE100AA80DE /* EAAnimationFuture.swift in Sources */ = {isa = PBXBuildFile; fileRef = 918C96A71C1D2FE100AA80DE /* EAAnimationFuture.swift */; };
		918C96AF1C1D2FE100AA80DE /* EasyAnimation.swift in Sources */ = {isa = PBXBuildFile; fileRef = 918C96A81C1D2FE100AA80DE /* EasyAnimation.swift */; };
		918C96B01C1D2FE100AA80DE /* LICENSE in Resources */ = {isa = PBXBuildFile; fileRef = 918C96AA1C1D2FE100AA80DE /* LICENSE */; };
		918C96B11C1D2FE100AA80DE /* RBBBlockBasedArray.swift in Sources */ = {isa = PBXBuildFile; fileRef = 918C96AB1C1D2FE100AA80DE /* RBBBlockBasedArray.swift */; };
		918C96B21C1D2FE100AA80DE /* RBBLinearInterpolation.swift in Sources */ = {isa = PBXBuildFile; fileRef = 918C96AC1C1D2FE100AA80DE /* RBBLinearInterpolation.swift */; };
		918C96B31C1D2FE100AA80DE /* RBBSpringAnimation.swift in Sources */ = {isa = PBXBuildFile; fileRef = 918C96AD1C1D2FE100AA80DE /* RBBSpringAnimation.swift */; };
		918C96B51C1D401300AA80DE /* CommonAnimation.swift in Sources */ = {isa = PBXBuildFile; fileRef = 918C96B41C1D401300AA80DE /* CommonAnimation.swift */; };
		91AEE1421BBEFBDA00AC41D6 /* SetTableViewCell.swift in Sources */ = {isa = PBXBuildFile; fileRef = 91AEE1411BBEFBDA00AC41D6 /* SetTableViewCell.swift */; };
		91B4AB521B683D2F0043675A /* LevenshteinDistance.swift in Sources */ = {isa = PBXBuildFile; fileRef = 91B4AB511B683D2F0043675A /* LevenshteinDistance.swift */; };
		91B4AB581B6845EB0043675A /* StringScore.swift in Sources */ = {isa = PBXBuildFile; fileRef = 91B4AB571B6845EB0043675A /* StringScore.swift */; };
		91D4DCCB1B43A83500F545A3 /* Localizable.strings in Resources */ = {isa = PBXBuildFile; fileRef = 91D4DCCA1B43A83500F545A3 /* Localizable.strings */; };
		91EA7CFE1BB0BD3C00273996 /* AddQueryViewController.swift in Sources */ = {isa = PBXBuildFile; fileRef = 91EA7CFD1BB0BD3C00273996 /* AddQueryViewController.swift */; };
		91EDA1461B3161A600E1152D /* QuizletSession.swift in Sources */ = {isa = PBXBuildFile; fileRef = 91EDA1451B3161A600E1152D /* QuizletSession.swift */; };
		91EDA14A1B3161D300E1152D /* DropboxSession.swift in Sources */ = {isa = PBXBuildFile; fileRef = 91EDA1491B3161D300E1152D /* DropboxSession.swift */; };
		91EDA17F1B334CDF00E1152D /* UserAccount.swift in Sources */ = {isa = PBXBuildFile; fileRef = 91EDA17E1B334CDF00E1152D /* UserAccount.swift */; };
		91EF24241BCC4C8300CABA3C /* TextInputTableViewCell.swift in Sources */ = {isa = PBXBuildFile; fileRef = 91EF24231BCC4C8300CABA3C /* TextInputTableViewCell.swift */; };
/* End PBXBuildFile section */

/* Begin PBXContainerItemProxy section */
		9126FDCC1B1D0E1100642E56 /* PBXContainerItemProxy */ = {
			isa = PBXContainerItemProxy;
			containerPortal = 9126FDAE1B1D0E1000642E56 /* Project object */;
			proxyType = 1;
			remoteGlobalIDString = 9126FDB51B1D0E1000642E56;
			remoteInfo = QuizletSearch;
		};
/* End PBXContainerItemProxy section */

/* Begin PBXFileReference section */
		910722F51B35FE200066DC87 /* QSet.swift */ = {isa = PBXFileReference; fileEncoding = 4; lastKnownFileType = sourcecode.swift; path = QSet.swift; sourceTree = "<group>"; };
		910722F91B360DC20066DC87 /* Boyer-Moore.swift */ = {isa = PBXFileReference; fileEncoding = 4; lastKnownFileType = sourcecode.swift; path = "Boyer-Moore.swift"; sourceTree = "<group>"; };
		910AAEB01BAB612000655131 /* TableContainerController.swift */ = {isa = PBXFileReference; fileEncoding = 4; lastKnownFileType = sourcecode.swift; path = TableContainerController.swift; sourceTree = "<group>"; };
		910AAEB21BAB67E100655131 /* QueriesViewController.swift */ = {isa = PBXFileReference; fileEncoding = 4; lastKnownFileType = sourcecode.swift; path = QueriesViewController.swift; sourceTree = "<group>"; };
		910BC27A1BC8DD28007F1A9E /* LabelTableViewCell.swift */ = {isa = PBXFileReference; fileEncoding = 4; lastKnownFileType = sourcecode.swift; path = LabelTableViewCell.swift; sourceTree = "<group>"; };
		910BC27C1BCA19B9007F1A9E /* AddQueryModel.swift */ = {isa = PBXFileReference; fileEncoding = 4; lastKnownFileType = sourcecode.swift; path = AddQueryModel.swift; sourceTree = "<group>"; };
		911A0D011B3CEDC100B219D7 /* QuizletSearch.xcdatamodel */ = {isa = PBXFileReference; lastKnownFileType = wrapper.xcdatamodel; path = QuizletSearch.xcdatamodel; sourceTree = "<group>"; };
		911A0D341B3CF69E00B219D7 /* QuizletSearchModel.strings */ = {isa = PBXFileReference; fileEncoding = 4; lastKnownFileType = text.plist.strings; path = QuizletSearchModel.strings; sourceTree = "<group>"; };
		911A0D4A1B3F2AE900B219D7 /* DataModel.swift */ = {isa = PBXFileReference; fileEncoding = 4; lastKnownFileType = sourcecode.swift; path = DataModel.swift; sourceTree = "<group>"; };
		911A0D4C1B41264200B219D7 /* LoginViewController.swift */ = {isa = PBXFileReference; fileEncoding = 4; lastKnownFileType = sourcecode.swift; path = LoginViewController.swift; sourceTree = "<group>"; };
		911A0D501B41772C00B219D7 /* SearchViewController.swift */ = {isa = PBXFileReference; fileEncoding = 4; lastKnownFileType = sourcecode.swift; path = SearchViewController.swift; sourceTree = "<group>"; };
		911A0D541B41EEF500B219D7 /* UsersTableViewController.swift */ = {isa = PBXFileReference; fileEncoding = 4; lastKnownFileType = sourcecode.swift; path = UsersTableViewController.swift; sourceTree = "<group>"; };
		911C41041B9F7A7C007E0AEE /* SearchTableViewCell.swift */ = {isa = PBXFileReference; fileEncoding = 4; lastKnownFileType = sourcecode.swift; path = SearchTableViewCell.swift; sourceTree = "<group>"; };
		911C41061B9FB64F007E0AEE /* DynamicLabel.swift */ = {isa = PBXFileReference; fileEncoding = 4; lastKnownFileType = sourcecode.swift; path = DynamicLabel.swift; sourceTree = "<group>"; };
		911C41081BA10A21007E0AEE /* SearchOperation.swift */ = {isa = PBXFileReference; fileEncoding = 4; lastKnownFileType = sourcecode.swift; path = SearchOperation.swift; sourceTree = "<group>"; };
		911C410A1BA121C6007E0AEE /* SearchTableViewHeaderCell.swift */ = {isa = PBXFileReference; fileEncoding = 4; lastKnownFileType = sourcecode.swift; path = SearchTableViewHeaderCell.swift; sourceTree = "<group>"; };
		9126FDB61B1D0E1000642E56 /* QuizletSearch.app */ = {isa = PBXFileReference; explicitFileType = wrapper.application; includeInIndex = 0; path = QuizletSearch.app; sourceTree = BUILT_PRODUCTS_DIR; };
		9126FDBA1B1D0E1000642E56 /* Info.plist */ = {isa = PBXFileReference; lastKnownFileType = text.plist.xml; path = Info.plist; sourceTree = "<group>"; };
		9126FDBB1B1D0E1000642E56 /* AppDelegate.swift */ = {isa = PBXFileReference; lastKnownFileType = sourcecode.swift; path = AppDelegate.swift; sourceTree = "<group>"; };
		9126FDC01B1D0E1000642E56 /* Base */ = {isa = PBXFileReference; lastKnownFileType = file.storyboard; name = Base; path = Base.lproj/Main.storyboard; sourceTree = "<group>"; };
		9126FDC21B1D0E1000642E56 /* Images.xcassets */ = {isa = PBXFileReference; lastKnownFileType = folder.assetcatalog; path = Images.xcassets; sourceTree = "<group>"; };
		9126FDC51B1D0E1000642E56 /* Base */ = {isa = PBXFileReference; lastKnownFileType = file.xib; name = Base; path = Base.lproj/LaunchScreen.xib; sourceTree = "<group>"; };
		9126FDCB1B1D0E1100642E56 /* QuizletSearchTests.xctest */ = {isa = PBXFileReference; explicitFileType = wrapper.cfbundle; includeInIndex = 0; path = QuizletSearchTests.xctest; sourceTree = BUILT_PRODUCTS_DIR; };
		9126FDD01B1D0E1100642E56 /* Info.plist */ = {isa = PBXFileReference; lastKnownFileType = text.plist.xml; path = Info.plist; sourceTree = "<group>"; };
		9126FDD11B1D0E1100642E56 /* QuizletSearchTests.swift */ = {isa = PBXFileReference; lastKnownFileType = sourcecode.swift; path = QuizletSearchTests.swift; sourceTree = "<group>"; };
		912DFCF61BBAD106002D67FA /* SetPager.swift */ = {isa = PBXFileReference; fileEncoding = 4; lastKnownFileType = sourcecode.swift; path = SetPager.swift; sourceTree = "<group>"; };
		912DFCF81BBAD3BD002D67FA /* QueryResult.swift */ = {isa = PBXFileReference; fileEncoding = 4; lastKnownFileType = sourcecode.swift; path = QueryResult.swift; sourceTree = "<group>"; };
		912DFCFA1BBAD5F4002D67FA /* UnexpectedResponse.swift */ = {isa = PBXFileReference; fileEncoding = 4; lastKnownFileType = sourcecode.swift; path = UnexpectedResponse.swift; sourceTree = "<group>"; };
		914D0ADB1B6AA4ED0025C585 /* Query.swift */ = {isa = PBXFileReference; fileEncoding = 4; lastKnownFileType = sourcecode.swift; name = Query.swift; path = Model/Query.swift; sourceTree = "<group>"; };
		914D0ADC1B6AA4ED0025C585 /* QuizletSet.swift */ = {isa = PBXFileReference; fileEncoding = 4; lastKnownFileType = sourcecode.swift; name = QuizletSet.swift; path = Model/QuizletSet.swift; sourceTree = "<group>"; };
		914D0ADD1B6AA4ED0025C585 /* Root.swift */ = {isa = PBXFileReference; fileEncoding = 4; lastKnownFileType = sourcecode.swift; name = Root.swift; path = Model/Root.swift; sourceTree = "<group>"; };
		914D0ADE1B6AA4ED0025C585 /* Term.swift */ = {isa = PBXFileReference; fileEncoding = 4; lastKnownFileType = sourcecode.swift; name = Term.swift; path = Model/Term.swift; sourceTree = "<group>"; };
		914D0ADF1B6AA4ED0025C585 /* User.swift */ = {isa = PBXFileReference; fileEncoding = 4; lastKnownFileType = sourcecode.swift; name = User.swift; path = Model/User.swift; sourceTree = "<group>"; };
		916BBEE11BD176F2008A0FB8 /* QueryPagers.swift */ = {isa = PBXFileReference; fileEncoding = 4; lastKnownFileType = sourcecode.swift; path = QueryPagers.swift; sourceTree = "<group>"; };
		9170E7C11BCC949500C70847 /* InsetTextField.swift */ = {isa = PBXFileReference; fileEncoding = 4; lastKnownFileType = sourcecode.swift; path = InsetTextField.swift; sourceTree = "<group>"; };
		9187F47A1B68AD1500FA528F /* Common.swift */ = {isa = PBXFileReference; fileEncoding = 4; lastKnownFileType = sourcecode.swift; path = Common.swift; sourceTree = "<group>"; };
		9187F47F1B69FECC00FA528F /* SampleQuizletData.json */ = {isa = PBXFileReference; fileEncoding = 4; lastKnownFileType = text.json; path = SampleQuizletData.json; sourceTree = "<group>"; };
		918C96A71C1D2FE100AA80DE /* EAAnimationFuture.swift */ = {isa = PBXFileReference; fileEncoding = 4; lastKnownFileType = sourcecode.swift; path = EAAnimationFuture.swift; sourceTree = "<group>"; };
		918C96A81C1D2FE100AA80DE /* EasyAnimation.swift */ = {isa = PBXFileReference; fileEncoding = 4; lastKnownFileType = sourcecode.swift; path = EasyAnimation.swift; sourceTree = "<group>"; };
		918C96AA1C1D2FE100AA80DE /* LICENSE */ = {isa = PBXFileReference; fileEncoding = 4; lastKnownFileType = text; path = LICENSE; sourceTree = "<group>"; };
		918C96AB1C1D2FE100AA80DE /* RBBBlockBasedArray.swift */ = {isa = PBXFileReference; fileEncoding = 4; lastKnownFileType = sourcecode.swift; path = RBBBlockBasedArray.swift; sourceTree = "<group>"; };
		918C96AC1C1D2FE100AA80DE /* RBBLinearInterpolation.swift */ = {isa = PBXFileReference; fileEncoding = 4; lastKnownFileType = sourcecode.swift; path = RBBLinearInterpolation.swift; sourceTree = "<group>"; };
		918C96AD1C1D2FE100AA80DE /* RBBSpringAnimation.swift */ = {isa = PBXFileReference; fileEncoding = 4; lastKnownFileType = sourcecode.swift; path = RBBSpringAnimation.swift; sourceTree = "<group>"; };
		918C96B41C1D401300AA80DE /* CommonAnimation.swift */ = {isa = PBXFileReference; fileEncoding = 4; lastKnownFileType = sourcecode.swift; path = CommonAnimation.swift; sourceTree = "<group>"; };
		91AEE1411BBEFBDA00AC41D6 /* SetTableViewCell.swift */ = {isa = PBXFileReference; fileEncoding = 4; lastKnownFileType = sourcecode.swift; path = SetTableViewCell.swift; sourceTree = "<group>"; };
		91B4AB511B683D2F0043675A /* LevenshteinDistance.swift */ = {isa = PBXFileReference; fileEncoding = 4; lastKnownFileType = sourcecode.swift; path = LevenshteinDistance.swift; sourceTree = "<group>"; };
		91B4AB571B6845EB0043675A /* StringScore.swift */ = {isa = PBXFileReference; fileEncoding = 4; lastKnownFileType = sourcecode.swift; path = StringScore.swift; sourceTree = "<group>"; };
		91D4DCCA1B43A83500F545A3 /* Localizable.strings */ = {isa = PBXFileReference; fileEncoding = 4; lastKnownFileType = text.plist.strings; path = Localizable.strings; sourceTree = "<group>"; };
		91EA7CFD1BB0BD3C00273996 /* AddQueryViewController.swift */ = {isa = PBXFileReference; fileEncoding = 4; lastKnownFileType = sourcecode.swift; path = AddQueryViewController.swift; sourceTree = "<group>"; };
		91EDA1451B3161A600E1152D /* QuizletSession.swift */ = {isa = PBXFileReference; fileEncoding = 4; lastKnownFileType = sourcecode.swift; path = QuizletSession.swift; sourceTree = "<group>"; };
		91EDA1491B3161D300E1152D /* DropboxSession.swift */ = {isa = PBXFileReference; fileEncoding = 4; lastKnownFileType = sourcecode.swift; path = DropboxSession.swift; sourceTree = "<group>"; };
		91EDA17E1B334CDF00E1152D /* UserAccount.swift */ = {isa = PBXFileReference; fileEncoding = 4; lastKnownFileType = sourcecode.swift; path = UserAccount.swift; sourceTree = "<group>"; };
		91EF24231BCC4C8300CABA3C /* TextInputTableViewCell.swift */ = {isa = PBXFileReference; fileEncoding = 4; lastKnownFileType = sourcecode.swift; path = TextInputTableViewCell.swift; sourceTree = "<group>"; };
/* End PBXFileReference section */

/* Begin PBXFrameworksBuildPhase section */
		9126FDB31B1D0E1000642E56 /* Frameworks */ = {
			isa = PBXFrameworksBuildPhase;
			buildActionMask = 2147483647;
			files = (
			);
			runOnlyForDeploymentPostprocessing = 0;
		};
		9126FDC81B1D0E1100642E56 /* Frameworks */ = {
			isa = PBXFrameworksBuildPhase;
			buildActionMask = 2147483647;
			files = (
			);
			runOnlyForDeploymentPostprocessing = 0;
		};
/* End PBXFrameworksBuildPhase section */

/* Begin PBXGroup section */
		9118D8A21BF4602000C5897C /* Common */ = {
			isa = PBXGroup;
			children = (
				9187F47A1B68AD1500FA528F /* Common.swift */,
				918C96B41C1D401300AA80DE /* CommonAnimation.swift */,
				9170E7C11BCC949500C70847 /* InsetTextField.swift */,
				911C41061B9FB64F007E0AEE /* DynamicLabel.swift */,
				910BC27A1BC8DD28007F1A9E /* LabelTableViewCell.swift */,
				91EF24231BCC4C8300CABA3C /* TextInputTableViewCell.swift */,
				910AAEB01BAB612000655131 /* TableContainerController.swift */,
				916BBEE11BD176F2008A0FB8 /* QueryPagers.swift */,
				912DFCF61BBAD106002D67FA /* SetPager.swift */,
			);
			name = Common;
			sourceTree = "<group>";
		};
		911A0D4E1B4174EC00B219D7 /* Session */ = {
			isa = PBXGroup;
			children = (
				91EDA1491B3161D300E1152D /* DropboxSession.swift */,
				91EDA1451B3161A600E1152D /* QuizletSession.swift */,
				91EDA17E1B334CDF00E1152D /* UserAccount.swift */,
				910722F51B35FE200066DC87 /* QSet.swift */,
				912DFCF81BBAD3BD002D67FA /* QueryResult.swift */,
				912DFCFA1BBAD5F4002D67FA /* UnexpectedResponse.swift */,
				9187F47E1B69FECC00FA528F /* Resources */,
			);
			name = Session;
			sourceTree = "<group>";
		};
		911A0D4F1B41751E00B219D7 /* Model */ = {
			isa = PBXGroup;
			children = (
				911A0D001B3CEDC100B219D7 /* QuizletSearch.xcdatamodeld */,
				911A0D4A1B3F2AE900B219D7 /* DataModel.swift */,
				914D0ADD1B6AA4ED0025C585 /* Root.swift */,
				914D0ADF1B6AA4ED0025C585 /* User.swift */,
				914D0ADB1B6AA4ED0025C585 /* Query.swift */,
				914D0ADC1B6AA4ED0025C585 /* QuizletSet.swift */,
				914D0ADE1B6AA4ED0025C585 /* Term.swift */,
				911A0D341B3CF69E00B219D7 /* QuizletSearchModel.strings */,
			);
			name = Model;
			sourceTree = "<group>";
		};
		9126FDAD1B1D0E1000642E56 = {
			isa = PBXGroup;
			children = (
				9126FDB81B1D0E1000642E56 /* QuizletSearch */,
				9126FDCE1B1D0E1100642E56 /* QuizletSearchTests */,
				9126FDB71B1D0E1000642E56 /* Products */,
				918C96A61C1D2FE100AA80DE /* EasyAnimation */,
			);
			sourceTree = "<group>";
		};
		9126FDB71B1D0E1000642E56 /* Products */ = {
			isa = PBXGroup;
			children = (
				9126FDB61B1D0E1000642E56 /* QuizletSearch.app */,
				9126FDCB1B1D0E1100642E56 /* QuizletSearchTests.xctest */,
			);
			name = Products;
			sourceTree = "<group>";
		};
		9126FDB81B1D0E1000642E56 /* QuizletSearch */ = {
			isa = PBXGroup;
			children = (
				9126FDC41B1D0E1000642E56 /* LaunchScreen.xib */,
				9126FDBF1B1D0E1000642E56 /* Main.storyboard */,
				9126FDBB1B1D0E1000642E56 /* AppDelegate.swift */,
				911A0D4C1B41264200B219D7 /* LoginViewController.swift */,
				910AAEB21BAB67E100655131 /* QueriesViewController.swift */,
				911A0D541B41EEF500B219D7 /* UsersTableViewController.swift */,
				911A0D501B41772C00B219D7 /* SearchViewController.swift */,
				911C41041B9F7A7C007E0AEE /* SearchTableViewCell.swift */,
				911C410A1BA121C6007E0AEE /* SearchTableViewHeaderCell.swift */,
				911C41081BA10A21007E0AEE /* SearchOperation.swift */,
				91EA7CFD1BB0BD3C00273996 /* AddQueryViewController.swift */,
				910BC27C1BCA19B9007F1A9E /* AddQueryModel.swift */,
				91AEE1411BBEFBDA00AC41D6 /* SetTableViewCell.swift */,
				91B4AB501B683CF40043675A /* Algorithms */,
				9118D8A21BF4602000C5897C /* Common */,
				911A0D4F1B41751E00B219D7 /* Model */,
				911A0D4E1B4174EC00B219D7 /* Session */,
				9126FDC21B1D0E1000642E56 /* Images.xcassets */,
				91D4DCCA1B43A83500F545A3 /* Localizable.strings */,
				9126FDB91B1D0E1000642E56 /* Supporting Files */,
			);
			path = QuizletSearch;
			sourceTree = "<group>";
		};
		9126FDB91B1D0E1000642E56 /* Supporting Files */ = {
			isa = PBXGroup;
			children = (
				9126FDBA1B1D0E1000642E56 /* Info.plist */,
			);
			name = "Supporting Files";
			sourceTree = "<group>";
		};
		9126FDCE1B1D0E1100642E56 /* QuizletSearchTests */ = {
			isa = PBXGroup;
			children = (
				9126FDD11B1D0E1100642E56 /* QuizletSearchTests.swift */,
				9126FDCF1B1D0E1100642E56 /* Supporting Files */,
			);
			path = QuizletSearchTests;
			sourceTree = "<group>";
		};
		9126FDCF1B1D0E1100642E56 /* Supporting Files */ = {
			isa = PBXGroup;
			children = (
				9126FDD01B1D0E1100642E56 /* Info.plist */,
			);
			name = "Supporting Files";
			sourceTree = "<group>";
		};
		9187F47E1B69FECC00FA528F /* Resources */ = {
			isa = PBXGroup;
			children = (
				9187F47F1B69FECC00FA528F /* SampleQuizletData.json */,
			);
			path = Resources;
			sourceTree = "<group>";
		};
		918C96A61C1D2FE100AA80DE /* EasyAnimation */ = {
			isa = PBXGroup;
			children = (
				918C96A71C1D2FE100AA80DE /* EAAnimationFuture.swift */,
				918C96A81C1D2FE100AA80DE /* EasyAnimation.swift */,
				918C96A91C1D2FE100AA80DE /* RBBSpringAnimation */,
			);
			path = EasyAnimation;
			sourceTree = "<group>";
		};
		918C96A91C1D2FE100AA80DE /* RBBSpringAnimation */ = {
			isa = PBXGroup;
			children = (
				918C96AA1C1D2FE100AA80DE /* LICENSE */,
				918C96AB1C1D2FE100AA80DE /* RBBBlockBasedArray.swift */,
				918C96AC1C1D2FE100AA80DE /* RBBLinearInterpolation.swift */,
				918C96AD1C1D2FE100AA80DE /* RBBSpringAnimation.swift */,
			);
			path = RBBSpringAnimation;
			sourceTree = "<group>";
		};
		91B4AB501B683CF40043675A /* Algorithms */ = {
			isa = PBXGroup;
			children = (
				910722F91B360DC20066DC87 /* Boyer-Moore.swift */,
				91B4AB511B683D2F0043675A /* LevenshteinDistance.swift */,
				91B4AB571B6845EB0043675A /* StringScore.swift */,
			);
			name = Algorithms;
			sourceTree = "<group>";
		};
/* End PBXGroup section */

/* Begin PBXNativeTarget section */
		9126FDB51B1D0E1000642E56 /* QuizletSearch */ = {
			isa = PBXNativeTarget;
			buildConfigurationList = 9126FDD51B1D0E1100642E56 /* Build configuration list for PBXNativeTarget "QuizletSearch" */;
			buildPhases = (
				9126FDB21B1D0E1000642E56 /* Sources */,
				9126FDB31B1D0E1000642E56 /* Frameworks */,
				9126FDB41B1D0E1000642E56 /* Resources */,
				910E7BB51B5CF29C00A85FFB /* ShellScript */,
			);
			buildRules = (
			);
			dependencies = (
			);
			name = QuizletSearch;
			productName = QuizletSearch;
			productReference = 9126FDB61B1D0E1000642E56 /* QuizletSearch.app */;
			productType = "com.apple.product-type.application";
		};
		9126FDCA1B1D0E1100642E56 /* QuizletSearchTests */ = {
			isa = PBXNativeTarget;
			buildConfigurationList = 9126FDD81B1D0E1100642E56 /* Build configuration list for PBXNativeTarget "QuizletSearchTests" */;
			buildPhases = (
				9126FDC71B1D0E1100642E56 /* Sources */,
				9126FDC81B1D0E1100642E56 /* Frameworks */,
				9126FDC91B1D0E1100642E56 /* Resources */,
			);
			buildRules = (
			);
			dependencies = (
				9126FDCD1B1D0E1100642E56 /* PBXTargetDependency */,
			);
			name = QuizletSearchTests;
			productName = QuizletSearchTests;
			productReference = 9126FDCB1B1D0E1100642E56 /* QuizletSearchTests.xctest */;
			productType = "com.apple.product-type.bundle.unit-test";
		};
/* End PBXNativeTarget section */

/* Begin PBXProject section */
		9126FDAE1B1D0E1000642E56 /* Project object */ = {
			isa = PBXProject;
			attributes = {
				LastSwiftMigration = 0700;
				LastSwiftUpdateCheck = 0700;
				LastUpgradeCheck = 0800;
				ORGANIZATIONNAME = "Doug Stein";
				TargetAttributes = {
					9126FDB51B1D0E1000642E56 = {
						CreatedOnToolsVersion = 6.3.1;
						DevelopmentTeam = FYX55SR9QC;
						LastSwiftMigration = 0800;
					};
					9126FDCA1B1D0E1100642E56 = {
						CreatedOnToolsVersion = 6.3.1;
						LastSwiftMigration = 0800;
						TestTargetID = 9126FDB51B1D0E1000642E56;
					};
				};
			};
			buildConfigurationList = 9126FDB11B1D0E1000642E56 /* Build configuration list for PBXProject "QuizletSearch" */;
			compatibilityVersion = "Xcode 3.2";
			developmentRegion = English;
			hasScannedForEncodings = 0;
			knownRegions = (
				en,
				Base,
			);
			mainGroup = 9126FDAD1B1D0E1000642E56;
			productRefGroup = 9126FDB71B1D0E1000642E56 /* Products */;
			projectDirPath = "";
			projectRoot = "";
			targets = (
				9126FDB51B1D0E1000642E56 /* QuizletSearch */,
				9126FDCA1B1D0E1100642E56 /* QuizletSearchTests */,
			);
		};
/* End PBXProject section */

/* Begin PBXResourcesBuildPhase section */
		9126FDB41B1D0E1000642E56 /* Resources */ = {
			isa = PBXResourcesBuildPhase;
			buildActionMask = 2147483647;
			files = (
				91D4DCCB1B43A83500F545A3 /* Localizable.strings in Resources */,
				9187F4801B69FECC00FA528F /* SampleQuizletData.json in Resources */,
				9126FDC11B1D0E1000642E56 /* Main.storyboard in Resources */,
				918C96B01C1D2FE100AA80DE /* LICENSE in Resources */,
				9126FDC61B1D0E1000642E56 /* LaunchScreen.xib in Resources */,
				9126FDC31B1D0E1000642E56 /* Images.xcassets in Resources */,
				911A0D351B3CF69E00B219D7 /* QuizletSearchModel.strings in Resources */,
			);
			runOnlyForDeploymentPostprocessing = 0;
		};
		9126FDC91B1D0E1100642E56 /* Resources */ = {
			isa = PBXResourcesBuildPhase;
			buildActionMask = 2147483647;
			files = (
			);
			runOnlyForDeploymentPostprocessing = 0;
		};
/* End PBXResourcesBuildPhase section */

/* Begin PBXShellScriptBuildPhase section */
		910E7BB51B5CF29C00A85FFB /* ShellScript */ = {
			isa = PBXShellScriptBuildPhase;
			buildActionMask = 2147483647;
			files = (
			);
			inputPaths = (
			);
			outputPaths = (
			);
			runOnlyForDeploymentPostprocessing = 0;
			shellPath = /bin/sh;
			shellScript = "KEYWORDS=\"TODO:|FIXME:|\\?\\?\\?:|\\!\\!\\!:\"\nfind \"${SRCROOT}\" \\( -name \"*.swift\" \\) -print0 | xargs -0 egrep --with-filename --line-number --only-matching \"($KEYWORDS).*\\$\" | perl -p -e \"s/($KEYWORDS)/ warning: \\$1/\"";
		};
/* End PBXShellScriptBuildPhase section */

/* Begin PBXSourcesBuildPhase section */
		9126FDB21B1D0E1000642E56 /* Sources */ = {
			isa = PBXSourcesBuildPhase;
			buildActionMask = 2147483647;
			files = (
				918C96B51C1D401300AA80DE /* CommonAnimation.swift in Sources */,
				910AAEB11BAB612000655131 /* TableContainerController.swift in Sources */,
				912DFCF91BBAD3BD002D67FA /* QueryResult.swift in Sources */,
				911A0D511B41772C00B219D7 /* SearchViewController.swift in Sources */,
				914D0AE01B6AA4ED0025C585 /* Query.swift in Sources */,
				910BC27B1BC8DD28007F1A9E /* LabelTableViewCell.swift in Sources */,
				91EDA1461B3161A600E1152D /* QuizletSession.swift in Sources */,
				911C41071B9FB64F007E0AEE /* DynamicLabel.swift in Sources */,
				911A0D551B41EEF500B219D7 /* UsersTableViewController.swift in Sources */,
				916BBEE21BD176F2008A0FB8 /* QueryPagers.swift in Sources */,
				9187F47B1B68AD1500FA528F /* Common.swift in Sources */,
				91B4AB581B6845EB0043675A /* StringScore.swift in Sources */,
				91EA7CFE1BB0BD3C00273996 /* AddQueryViewController.swift in Sources */,
				912DFCF71BBAD106002D67FA /* SetPager.swift in Sources */,
				912DFCFB1BBAD5F4002D67FA /* UnexpectedResponse.swift in Sources */,
				91EDA17F1B334CDF00E1152D /* UserAccount.swift in Sources */,
				918C96B21C1D2FE100AA80DE /* RBBLinearInterpolation.swift in Sources */,
				91B4AB521B683D2F0043675A /* LevenshteinDistance.swift in Sources */,
				911C41091BA10A21007E0AEE /* SearchOperation.swift in Sources */,
				918C96AE1C1D2FE100AA80DE /* EAAnimationFuture.swift in Sources */,
				91EF24241BCC4C8300CABA3C /* TextInputTableViewCell.swift in Sources */,
				911A0D4B1B3F2AE900B219D7 /* DataModel.swift in Sources */,
				911C41051B9F7A7C007E0AEE /* SearchTableViewCell.swift in Sources */,
				914D0AE11B6AA4ED0025C585 /* QuizletSet.swift in Sources */,
				911A0D4D1B41264200B219D7 /* LoginViewController.swift in Sources */,
				918C96AF1C1D2FE100AA80DE /* EasyAnimation.swift in Sources */,
				9170E7C21BCC949500C70847 /* InsetTextField.swift in Sources */,
				910722FA1B360DC20066DC87 /* Boyer-Moore.swift in Sources */,
				911A0D021B3CEDC100B219D7 /* QuizletSearch.xcdatamodeld in Sources */,
				914D0AE21B6AA4ED0025C585 /* Root.swift in Sources */,
				918C96B11C1D2FE100AA80DE /* RBBBlockBasedArray.swift in Sources */,
				9126FDBC1B1D0E1000642E56 /* AppDelegate.swift in Sources */,
				910AAEB31BAB67E100655131 /* QueriesViewController.swift in Sources */,
				911C410B1BA121C6007E0AEE /* SearchTableViewHeaderCell.swift in Sources */,
				91EDA14A1B3161D300E1152D /* DropboxSession.swift in Sources */,
				91AEE1421BBEFBDA00AC41D6 /* SetTableViewCell.swift in Sources */,
				914D0AE41B6AA4ED0025C585 /* User.swift in Sources */,
				918C96B31C1D2FE100AA80DE /* RBBSpringAnimation.swift in Sources */,
				910722F61B35FE200066DC87 /* QSet.swift in Sources */,
				910BC27D1BCA19B9007F1A9E /* AddQueryModel.swift in Sources */,
				914D0AE31B6AA4ED0025C585 /* Term.swift in Sources */,
			);
			runOnlyForDeploymentPostprocessing = 0;
		};
		9126FDC71B1D0E1100642E56 /* Sources */ = {
			isa = PBXSourcesBuildPhase;
			buildActionMask = 2147483647;
			files = (
				9126FDD21B1D0E1100642E56 /* QuizletSearchTests.swift in Sources */,
			);
			runOnlyForDeploymentPostprocessing = 0;
		};
/* End PBXSourcesBuildPhase section */

/* Begin PBXTargetDependency section */
		9126FDCD1B1D0E1100642E56 /* PBXTargetDependency */ = {
			isa = PBXTargetDependency;
			target = 9126FDB51B1D0E1000642E56 /* QuizletSearch */;
			targetProxy = 9126FDCC1B1D0E1100642E56 /* PBXContainerItemProxy */;
		};
/* End PBXTargetDependency section */

/* Begin PBXVariantGroup section */
		9126FDBF1B1D0E1000642E56 /* Main.storyboard */ = {
			isa = PBXVariantGroup;
			children = (
				9126FDC01B1D0E1000642E56 /* Base */,
			);
			name = Main.storyboard;
			sourceTree = "<group>";
		};
		9126FDC41B1D0E1000642E56 /* LaunchScreen.xib */ = {
			isa = PBXVariantGroup;
			children = (
				9126FDC51B1D0E1000642E56 /* Base */,
			);
			name = LaunchScreen.xib;
			sourceTree = "<group>";
		};
/* End PBXVariantGroup section */

/* Begin XCBuildConfiguration section */
		9126FDD31B1D0E1100642E56 /* Debug */ = {
			isa = XCBuildConfiguration;
			buildSettings = {
				ALWAYS_SEARCH_USER_PATHS = NO;
				CLANG_CXX_LANGUAGE_STANDARD = "gnu++0x";
				CLANG_CXX_LIBRARY = "libc++";
				CLANG_ENABLE_MODULES = YES;
				CLANG_ENABLE_OBJC_ARC = YES;
				CLANG_WARN_BOOL_CONVERSION = YES;
				CLANG_WARN_CONSTANT_CONVERSION = YES;
				CLANG_WARN_DIRECT_OBJC_ISA_USAGE = YES_ERROR;
				CLANG_WARN_EMPTY_BODY = YES;
				CLANG_WARN_ENUM_CONVERSION = YES;
				CLANG_WARN_INFINITE_RECURSION = YES;
				CLANG_WARN_INT_CONVERSION = YES;
				CLANG_WARN_OBJC_ROOT_CLASS = YES_ERROR;
				CLANG_WARN_SUSPICIOUS_MOVE = YES;
				CLANG_WARN_UNREACHABLE_CODE = YES;
				CLANG_WARN__DUPLICATE_METHOD_MATCH = YES;
				"CODE_SIGN_IDENTITY[sdk=iphoneos*]" = "iPhone Developer";
				COPY_PHASE_STRIP = NO;
				DEBUG_INFORMATION_FORMAT = "dwarf-with-dsym";
				ENABLE_STRICT_OBJC_MSGSEND = YES;
				ENABLE_TESTABILITY = YES;
				GCC_C_LANGUAGE_STANDARD = gnu99;
				GCC_DYNAMIC_NO_PIC = NO;
				GCC_NO_COMMON_BLOCKS = YES;
				GCC_OPTIMIZATION_LEVEL = 0;
				GCC_PREPROCESSOR_DEFINITIONS = (
					"DEBUG=1",
					"$(inherited)",
				);
				GCC_SYMBOLS_PRIVATE_EXTERN = NO;
				GCC_WARN_64_TO_32_BIT_CONVERSION = YES;
				GCC_WARN_ABOUT_RETURN_TYPE = YES_ERROR;
				GCC_WARN_UNDECLARED_SELECTOR = YES;
				GCC_WARN_UNINITIALIZED_AUTOS = YES_AGGRESSIVE;
				GCC_WARN_UNUSED_FUNCTION = YES;
				GCC_WARN_UNUSED_VARIABLE = YES;
				IPHONEOS_DEPLOYMENT_TARGET = 8.0;
				MTL_ENABLE_DEBUG_INFO = YES;
				ONLY_ACTIVE_ARCH = YES;
				SDKROOT = iphoneos;
				SWIFT_OPTIMIZATION_LEVEL = "-Onone";
				TARGETED_DEVICE_FAMILY = "1,2";
			};
			name = Debug;
		};
		9126FDD41B1D0E1100642E56 /* Release */ = {
			isa = XCBuildConfiguration;
			buildSettings = {
				ALWAYS_SEARCH_USER_PATHS = NO;
				CLANG_CXX_LANGUAGE_STANDARD = "gnu++0x";
				CLANG_CXX_LIBRARY = "libc++";
				CLANG_ENABLE_MODULES = YES;
				CLANG_ENABLE_OBJC_ARC = YES;
				CLANG_WARN_BOOL_CONVERSION = YES;
				CLANG_WARN_CONSTANT_CONVERSION = YES;
				CLANG_WARN_DIRECT_OBJC_ISA_USAGE = YES_ERROR;
				CLANG_WARN_EMPTY_BODY = YES;
				CLANG_WARN_ENUM_CONVERSION = YES;
				CLANG_WARN_INFINITE_RECURSION = YES;
				CLANG_WARN_INT_CONVERSION = YES;
				CLANG_WARN_OBJC_ROOT_CLASS = YES_ERROR;
				CLANG_WARN_SUSPICIOUS_MOVE = YES;
				CLANG_WARN_UNREACHABLE_CODE = YES;
				CLANG_WARN__DUPLICATE_METHOD_MATCH = YES;
				"CODE_SIGN_IDENTITY[sdk=iphoneos*]" = "iPhone Developer";
				COPY_PHASE_STRIP = NO;
				DEBUG_INFORMATION_FORMAT = "dwarf-with-dsym";
				ENABLE_NS_ASSERTIONS = NO;
				ENABLE_STRICT_OBJC_MSGSEND = YES;
				GCC_C_LANGUAGE_STANDARD = gnu99;
				GCC_NO_COMMON_BLOCKS = YES;
				GCC_WARN_64_TO_32_BIT_CONVERSION = YES;
				GCC_WARN_ABOUT_RETURN_TYPE = YES_ERROR;
				GCC_WARN_UNDECLARED_SELECTOR = YES;
				GCC_WARN_UNINITIALIZED_AUTOS = YES_AGGRESSIVE;
				GCC_WARN_UNUSED_FUNCTION = YES;
				GCC_WARN_UNUSED_VARIABLE = YES;
				IPHONEOS_DEPLOYMENT_TARGET = 8.0;
				MTL_ENABLE_DEBUG_INFO = NO;
				SDKROOT = iphoneos;
				SWIFT_OPTIMIZATION_LEVEL = "-Owholemodule";
				TARGETED_DEVICE_FAMILY = "1,2";
				VALIDATE_PRODUCT = YES;
			};
			name = Release;
		};
		9126FDD61B1D0E1100642E56 /* Debug */ = {
			isa = XCBuildConfiguration;
			buildSettings = {
				ASSETCATALOG_COMPILER_APPICON_NAME = AppIcon;
				CLANG_ENABLE_MODULES = YES;
				CODE_SIGN_IDENTITY = "iPhone Developer";
				"CODE_SIGN_IDENTITY[sdk=iphoneos*]" = "iPhone Developer";
				INFOPLIST_FILE = QuizletSearch/Info.plist;
				IPHONEOS_DEPLOYMENT_TARGET = 8.0;
				LD_RUNPATH_SEARCH_PATHS = "$(inherited) @executable_path/Frameworks";
				PRODUCT_BUNDLE_IDENTIFIER = "com.douglas.$(PRODUCT_NAME:rfc1034identifier)";
				PRODUCT_NAME = "$(TARGET_NAME)";
				PROVISIONING_PROFILE = "";
				SWIFT_OPTIMIZATION_LEVEL = "-Onone";
				SWIFT_VERSION = 3.0;
			};
			name = Debug;
		};
		9126FDD71B1D0E1100642E56 /* Release */ = {
			isa = XCBuildConfiguration;
			buildSettings = {
				ASSETCATALOG_COMPILER_APPICON_NAME = AppIcon;
				CLANG_ENABLE_MODULES = YES;
				CODE_SIGN_IDENTITY = "iPhone Developer";
				"CODE_SIGN_IDENTITY[sdk=iphoneos*]" = "iPhone Developer";
				INFOPLIST_FILE = QuizletSearch/Info.plist;
				IPHONEOS_DEPLOYMENT_TARGET = 8.0;
				LD_RUNPATH_SEARCH_PATHS = "$(inherited) @executable_path/Frameworks";
				PRODUCT_BUNDLE_IDENTIFIER = "com.douglas.$(PRODUCT_NAME:rfc1034identifier)";
				PRODUCT_NAME = "$(TARGET_NAME)";
				PROVISIONING_PROFILE = "";
				SWIFT_VERSION = 3.0;
			};
			name = Release;
		};
		9126FDD91B1D0E1100642E56 /* Debug */ = {
			isa = XCBuildConfiguration;
			buildSettings = {
				BUNDLE_LOADER = "$(TEST_HOST)";
				FRAMEWORK_SEARCH_PATHS = (
					"$(SDKROOT)/Developer/Library/Frameworks",
					"$(inherited)",
				);
				GCC_PREPROCESSOR_DEFINITIONS = (
					"DEBUG=1",
					"$(inherited)",
				);
				INFOPLIST_FILE = QuizletSearchTests/Info.plist;
				LD_RUNPATH_SEARCH_PATHS = "$(inherited) @executable_path/Frameworks @loader_path/Frameworks";
				PRODUCT_BUNDLE_IDENTIFIER = "com.example.$(PRODUCT_NAME:rfc1034identifier)";
				PRODUCT_NAME = "$(TARGET_NAME)";
				SWIFT_VERSION = 3.0;
				TEST_HOST = "$(BUILT_PRODUCTS_DIR)/QuizletSearch.app/QuizletSearch";
			};
			name = Debug;
		};
		9126FDDA1B1D0E1100642E56 /* Release */ = {
			isa = XCBuildConfiguration;
			buildSettings = {
				BUNDLE_LOADER = "$(TEST_HOST)";
				FRAMEWORK_SEARCH_PATHS = (
					"$(SDKROOT)/Developer/Library/Frameworks",
					"$(inherited)",
				);
				INFOPLIST_FILE = QuizletSearchTests/Info.plist;
				LD_RUNPATH_SEARCH_PATHS = "$(inherited) @executable_path/Frameworks @loader_path/Frameworks";
				PRODUCT_BUNDLE_IDENTIFIER = "com.example.$(PRODUCT_NAME:rfc1034identifier)";
				PRODUCT_NAME = "$(TARGET_NAME)";
				SWIFT_VERSION = 3.0;
				TEST_HOST = "$(BUILT_PRODUCTS_DIR)/QuizletSearch.app/QuizletSearch";
			};
			name = Release;
		};
/* End XCBuildConfiguration section */

/* Begin XCConfigurationList section */
		9126FDB11B1D0E1000642E56 /* Build configuration list for PBXProject "QuizletSearch" */ = {
			isa = XCConfigurationList;
			buildConfigurations = (
				9126FDD31B1D0E1100642E56 /* Debug */,
				9126FDD41B1D0E1100642E56 /* Release */,
			);
			defaultConfigurationIsVisible = 0;
			defaultConfigurationName = Release;
		};
		9126FDD51B1D0E1100642E56 /* Build configuration list for PBXNativeTarget "QuizletSearch" */ = {
			isa = XCConfigurationList;
			buildConfigurations = (
				9126FDD61B1D0E1100642E56 /* Debug */,
				9126FDD71B1D0E1100642E56 /* Release */,
			);
			defaultConfigurationIsVisible = 0;
			defaultConfigurationName = Release;
		};
		9126FDD81B1D0E1100642E56 /* Build configuration list for PBXNativeTarget "QuizletSearchTests" */ = {
			isa = XCConfigurationList;
			buildConfigurations = (
				9126FDD91B1D0E1100642E56 /* Debug */,
				9126FDDA1B1D0E1100642E56 /* Release */,
			);
			defaultConfigurationIsVisible = 0;
			defaultConfigurationName = Release;
		};
/* End XCConfigurationList section */

/* Begin XCVersionGroup section */
		911A0D001B3CEDC100B219D7 /* QuizletSearch.xcdatamodeld */ = {
			isa = XCVersionGroup;
			children = (
				911A0D011B3CEDC100B219D7 /* QuizletSearch.xcdatamodel */,
			);
			currentVersion = 911A0D011B3CEDC100B219D7 /* QuizletSearch.xcdatamodel */;
			path = QuizletSearch.xcdatamodeld;
			sourceTree = "<group>";
			versionGroupType = wrapper.xcdatamodel;
		};
/* End XCVersionGroup section */
	};
	rootObject = 9126FDAE1B1D0E1000642E56 /* Project object */;
}
